// !$*UTF8*$!
{
	archiveVersion = 1;
	classes = {
	};
	objectVersion = 50;
	objects = {

/* Begin PBXBuildFile section */
		402582AD25D9ABA300C1DCF3 /* AppDelegate.swift in Sources */ = {isa = PBXBuildFile; fileRef = 402582AC25D9ABA300C1DCF3 /* AppDelegate.swift */; };
		402582AF25D9ABA300C1DCF3 /* SceneDelegate.swift in Sources */ = {isa = PBXBuildFile; fileRef = 402582AE25D9ABA300C1DCF3 /* SceneDelegate.swift */; };
		402582B125D9ABA300C1DCF3 /* ViewController.swift in Sources */ = {isa = PBXBuildFile; fileRef = 402582B025D9ABA300C1DCF3 /* ViewController.swift */; };
		402582B425D9ABA300C1DCF3 /* Main.storyboard in Resources */ = {isa = PBXBuildFile; fileRef = 402582B225D9ABA300C1DCF3 /* Main.storyboard */; };
		402582B625D9ABA600C1DCF3 /* Assets.xcassets in Resources */ = {isa = PBXBuildFile; fileRef = 402582B525D9ABA600C1DCF3 /* Assets.xcassets */; };
		402582B925D9ABA600C1DCF3 /* LaunchScreen.storyboard in Resources */ = {isa = PBXBuildFile; fileRef = 402582B725D9ABA600C1DCF3 /* LaunchScreen.storyboard */; };
		402582C425D9ABA600C1DCF3 /* TwitterTests.swift in Sources */ = {isa = PBXBuildFile; fileRef = 402582C325D9ABA600C1DCF3 /* TwitterTests.swift */; };
		402582CF25D9ABA600C1DCF3 /* TwitterUITests.swift in Sources */ = {isa = PBXBuildFile; fileRef = 402582CE25D9ABA600C1DCF3 /* TwitterUITests.swift */; };
		402582E025D9ABCC00C1DCF3 /* TwitterAPICaller.swift in Sources */ = {isa = PBXBuildFile; fileRef = 402582DF25D9ABCC00C1DCF3 /* TwitterAPICaller.swift */; };
/* End PBXBuildFile section */

/* Begin PBXContainerItemProxy section */
		402582C025D9ABA600C1DCF3 /* PBXContainerItemProxy */ = {
			isa = PBXContainerItemProxy;
			containerPortal = 402582A125D9ABA300C1DCF3 /* Project object */;
			proxyType = 1;
			remoteGlobalIDString = 402582A825D9ABA300C1DCF3;
			remoteInfo = Twitter;
		};
		402582CB25D9ABA600C1DCF3 /* PBXContainerItemProxy */ = {
			isa = PBXContainerItemProxy;
			containerPortal = 402582A125D9ABA300C1DCF3 /* Project object */;
			proxyType = 1;
			remoteGlobalIDString = 402582A825D9ABA300C1DCF3;
			remoteInfo = Twitter;
		};
/* End PBXContainerItemProxy section */

/* Begin PBXFileReference section */
		402582A925D9ABA300C1DCF3 /* Twitter.app */ = {isa = PBXFileReference; explicitFileType = wrapper.application; includeInIndex = 0; path = Twitter.app; sourceTree = BUILT_PRODUCTS_DIR; };
		402582AC25D9ABA300C1DCF3 /* AppDelegate.swift */ = {isa = PBXFileReference; lastKnownFileType = sourcecode.swift; path = AppDelegate.swift; sourceTree = "<group>"; };
		402582AE25D9ABA300C1DCF3 /* SceneDelegate.swift */ = {isa = PBXFileReference; lastKnownFileType = sourcecode.swift; path = SceneDelegate.swift; sourceTree = "<group>"; };
		402582B025D9ABA300C1DCF3 /* ViewController.swift */ = {isa = PBXFileReference; lastKnownFileType = sourcecode.swift; path = ViewController.swift; sourceTree = "<group>"; };
		402582B325D9ABA300C1DCF3 /* Base */ = {isa = PBXFileReference; lastKnownFileType = file.storyboard; name = Base; path = Base.lproj/Main.storyboard; sourceTree = "<group>"; };
		402582B525D9ABA600C1DCF3 /* Assets.xcassets */ = {isa = PBXFileReference; lastKnownFileType = folder.assetcatalog; path = Assets.xcassets; sourceTree = "<group>"; };
		402582B825D9ABA600C1DCF3 /* Base */ = {isa = PBXFileReference; lastKnownFileType = file.storyboard; name = Base; path = Base.lproj/LaunchScreen.storyboard; sourceTree = "<group>"; };
		402582BA25D9ABA600C1DCF3 /* Info.plist */ = {isa = PBXFileReference; lastKnownFileType = text.plist.xml; path = Info.plist; sourceTree = "<group>"; };
		402582BF25D9ABA600C1DCF3 /* TwitterTests.xctest */ = {isa = PBXFileReference; explicitFileType = wrapper.cfbundle; includeInIndex = 0; path = TwitterTests.xctest; sourceTree = BUILT_PRODUCTS_DIR; };
		402582C325D9ABA600C1DCF3 /* TwitterTests.swift */ = {isa = PBXFileReference; lastKnownFileType = sourcecode.swift; path = TwitterTests.swift; sourceTree = "<group>"; };
		402582C525D9ABA600C1DCF3 /* Info.plist */ = {isa = PBXFileReference; lastKnownFileType = text.plist.xml; path = Info.plist; sourceTree = "<group>"; };
		402582CA25D9ABA600C1DCF3 /* TwitterUITests.xctest */ = {isa = PBXFileReference; explicitFileType = wrapper.cfbundle; includeInIndex = 0; path = TwitterUITests.xctest; sourceTree = BUILT_PRODUCTS_DIR; };
		402582CE25D9ABA600C1DCF3 /* TwitterUITests.swift */ = {isa = PBXFileReference; lastKnownFileType = sourcecode.swift; path = TwitterUITests.swift; sourceTree = "<group>"; };
		402582D025D9ABA600C1DCF3 /* Info.plist */ = {isa = PBXFileReference; lastKnownFileType = text.plist.xml; path = Info.plist; sourceTree = "<group>"; };
		402582DF25D9ABCC00C1DCF3 /* TwitterAPICaller.swift */ = {isa = PBXFileReference; lastKnownFileType = sourcecode.swift; path = TwitterAPICaller.swift; sourceTree = "<group>"; };
/* End PBXFileReference section */

/* Begin PBXFrameworksBuildPhase section */
		402582A625D9ABA300C1DCF3 /* Frameworks */ = {
			isa = PBXFrameworksBuildPhase;
			buildActionMask = 2147483647;
			files = (
			);
			runOnlyForDeploymentPostprocessing = 0;
		};
		402582BC25D9ABA600C1DCF3 /* Frameworks */ = {
			isa = PBXFrameworksBuildPhase;
			buildActionMask = 2147483647;
			files = (
			);
			runOnlyForDeploymentPostprocessing = 0;
		};
		402582C725D9ABA600C1DCF3 /* Frameworks */ = {
			isa = PBXFrameworksBuildPhase;
			buildActionMask = 2147483647;
			files = (
			);
			runOnlyForDeploymentPostprocessing = 0;
		};
/* End PBXFrameworksBuildPhase section */

/* Begin PBXGroup section */
		402582A025D9ABA300C1DCF3 = {
			isa = PBXGroup;
			children = (
				402582DF25D9ABCC00C1DCF3 /* TwitterAPICaller.swift */,
				402582AB25D9ABA300C1DCF3 /* Twitter */,
				402582C225D9ABA600C1DCF3 /* TwitterTests */,
				402582CD25D9ABA600C1DCF3 /* TwitterUITests */,
				402582AA25D9ABA300C1DCF3 /* Products */,
			);
			sourceTree = "<group>";
		};
		402582AA25D9ABA300C1DCF3 /* Products */ = {
			isa = PBXGroup;
			children = (
				402582A925D9ABA300C1DCF3 /* Twitter.app */,
				402582BF25D9ABA600C1DCF3 /* TwitterTests.xctest */,
				402582CA25D9ABA600C1DCF3 /* TwitterUITests.xctest */,
			);
			name = Products;
			sourceTree = "<group>";
		};
		402582AB25D9ABA300C1DCF3 /* Twitter */ = {
			isa = PBXGroup;
			children = (
				402582AC25D9ABA300C1DCF3 /* AppDelegate.swift */,
				402582AE25D9ABA300C1DCF3 /* SceneDelegate.swift */,
				402582B025D9ABA300C1DCF3 /* ViewController.swift */,
				402582B225D9ABA300C1DCF3 /* Main.storyboard */,
				402582B525D9ABA600C1DCF3 /* Assets.xcassets */,
				402582B725D9ABA600C1DCF3 /* LaunchScreen.storyboard */,
				402582BA25D9ABA600C1DCF3 /* Info.plist */,
			);
			path = Twitter;
			sourceTree = "<group>";
		};
		402582C225D9ABA600C1DCF3 /* TwitterTests */ = {
			isa = PBXGroup;
			children = (
				402582C325D9ABA600C1DCF3 /* TwitterTests.swift */,
				402582C525D9ABA600C1DCF3 /* Info.plist */,
			);
			path = TwitterTests;
			sourceTree = "<group>";
		};
		402582CD25D9ABA600C1DCF3 /* TwitterUITests */ = {
			isa = PBXGroup;
			children = (
				402582CE25D9ABA600C1DCF3 /* TwitterUITests.swift */,
				402582D025D9ABA600C1DCF3 /* Info.plist */,
			);
			path = TwitterUITests;
			sourceTree = "<group>";
		};
/* End PBXGroup section */

/* Begin PBXNativeTarget section */
		402582A825D9ABA300C1DCF3 /* Twitter */ = {
			isa = PBXNativeTarget;
			buildConfigurationList = 402582D325D9ABA600C1DCF3 /* Build configuration list for PBXNativeTarget "Twitter" */;
			buildPhases = (
				402582A525D9ABA300C1DCF3 /* Sources */,
				402582A625D9ABA300C1DCF3 /* Frameworks */,
				402582A725D9ABA300C1DCF3 /* Resources */,
			);
			buildRules = (
			);
			dependencies = (
			);
			name = Twitter;
			productName = Twitter;
			productReference = 402582A925D9ABA300C1DCF3 /* Twitter.app */;
			productType = "com.apple.product-type.application";
		};
		402582BE25D9ABA600C1DCF3 /* TwitterTests */ = {
			isa = PBXNativeTarget;
			buildConfigurationList = 402582D625D9ABA600C1DCF3 /* Build configuration list for PBXNativeTarget "TwitterTests" */;
			buildPhases = (
				402582BB25D9ABA600C1DCF3 /* Sources */,
				402582BC25D9ABA600C1DCF3 /* Frameworks */,
				402582BD25D9ABA600C1DCF3 /* Resources */,
			);
			buildRules = (
			);
			dependencies = (
				402582C125D9ABA600C1DCF3 /* PBXTargetDependency */,
			);
			name = TwitterTests;
			productName = TwitterTests;
			productReference = 402582BF25D9ABA600C1DCF3 /* TwitterTests.xctest */;
			productType = "com.apple.product-type.bundle.unit-test";
		};
		402582C925D9ABA600C1DCF3 /* TwitterUITests */ = {
			isa = PBXNativeTarget;
			buildConfigurationList = 402582D925D9ABA600C1DCF3 /* Build configuration list for PBXNativeTarget "TwitterUITests" */;
			buildPhases = (
				402582C625D9ABA600C1DCF3 /* Sources */,
				402582C725D9ABA600C1DCF3 /* Frameworks */,
				402582C825D9ABA600C1DCF3 /* Resources */,
			);
			buildRules = (
			);
			dependencies = (
				402582CC25D9ABA600C1DCF3 /* PBXTargetDependency */,
			);
			name = TwitterUITests;
			productName = TwitterUITests;
			productReference = 402582CA25D9ABA600C1DCF3 /* TwitterUITests.xctest */;
			productType = "com.apple.product-type.bundle.ui-testing";
		};
/* End PBXNativeTarget section */

/* Begin PBXProject section */
		402582A125D9ABA300C1DCF3 /* Project object */ = {
			isa = PBXProject;
			attributes = {
				LastSwiftUpdateCheck = 1240;
				LastUpgradeCheck = 1240;
				TargetAttributes = {
					402582A825D9ABA300C1DCF3 = {
						CreatedOnToolsVersion = 12.4;
					};
					402582BE25D9ABA600C1DCF3 = {
						CreatedOnToolsVersion = 12.4;
						TestTargetID = 402582A825D9ABA300C1DCF3;
					};
					402582C925D9ABA600C1DCF3 = {
						CreatedOnToolsVersion = 12.4;
						TestTargetID = 402582A825D9ABA300C1DCF3;
					};
				};
			};
			buildConfigurationList = 402582A425D9ABA300C1DCF3 /* Build configuration list for PBXProject "Twitter" */;
			compatibilityVersion = "Xcode 9.3";
			developmentRegion = en;
			hasScannedForEncodings = 0;
			knownRegions = (
				en,
				Base,
			);
			mainGroup = 402582A025D9ABA300C1DCF3;
			productRefGroup = 402582AA25D9ABA300C1DCF3 /* Products */;
			projectDirPath = "";
			projectRoot = "";
			targets = (
				402582A825D9ABA300C1DCF3 /* Twitter */,
				402582BE25D9ABA600C1DCF3 /* TwitterTests */,
				402582C925D9ABA600C1DCF3 /* TwitterUITests */,
			);
		};
/* End PBXProject section */

/* Begin PBXResourcesBuildPhase section */
		402582A725D9ABA300C1DCF3 /* Resources */ = {
			isa = PBXResourcesBuildPhase;
			buildActionMask = 2147483647;
			files = (
				402582B925D9ABA600C1DCF3 /* LaunchScreen.storyboard in Resources */,
				402582B625D9ABA600C1DCF3 /* Assets.xcassets in Resources */,
				402582B425D9ABA300C1DCF3 /* Main.storyboard in Resources */,
			);
			runOnlyForDeploymentPostprocessing = 0;
		};
		402582BD25D9ABA600C1DCF3 /* Resources */ = {
			isa = PBXResourcesBuildPhase;
			buildActionMask = 2147483647;
			files = (
			);
			runOnlyForDeploymentPostprocessing = 0;
		};
		402582C825D9ABA600C1DCF3 /* Resources */ = {
			isa = PBXResourcesBuildPhase;
			buildActionMask = 2147483647;
			files = (
			);
			runOnlyForDeploymentPostprocessing = 0;
		};
/* End PBXResourcesBuildPhase section */

/* Begin PBXSourcesBuildPhase section */
		402582A525D9ABA300C1DCF3 /* Sources */ = {
			isa = PBXSourcesBuildPhase;
			buildActionMask = 2147483647;
			files = (
				402582B125D9ABA300C1DCF3 /* ViewController.swift in Sources */,
				402582E025D9ABCC00C1DCF3 /* TwitterAPICaller.swift in Sources */,
				402582AD25D9ABA300C1DCF3 /* AppDelegate.swift in Sources */,
				402582AF25D9ABA300C1DCF3 /* SceneDelegate.swift in Sources */,
			);
			runOnlyForDeploymentPostprocessing = 0;
		};
		402582BB25D9ABA600C1DCF3 /* Sources */ = {
			isa = PBXSourcesBuildPhase;
			buildActionMask = 2147483647;
			files = (
				402582C425D9ABA600C1DCF3 /* TwitterTests.swift in Sources */,
			);
			runOnlyForDeploymentPostprocessing = 0;
		};
		402582C625D9ABA600C1DCF3 /* Sources */ = {
			isa = PBXSourcesBuildPhase;
			buildActionMask = 2147483647;
			files = (
				402582CF25D9ABA600C1DCF3 /* TwitterUITests.swift in Sources */,
			);
			runOnlyForDeploymentPostprocessing = 0;
		};
/* End PBXSourcesBuildPhase section */

/* Begin PBXTargetDependency section */
		402582C125D9ABA600C1DCF3 /* PBXTargetDependency */ = {
			isa = PBXTargetDependency;
			target = 402582A825D9ABA300C1DCF3 /* Twitter */;
			targetProxy = 402582C025D9ABA600C1DCF3 /* PBXContainerItemProxy */;
		};
		402582CC25D9ABA600C1DCF3 /* PBXTargetDependency */ = {
			isa = PBXTargetDependency;
			target = 402582A825D9ABA300C1DCF3 /* Twitter */;
			targetProxy = 402582CB25D9ABA600C1DCF3 /* PBXContainerItemProxy */;
		};
/* End PBXTargetDependency section */

/* Begin PBXVariantGroup section */
		402582B225D9ABA300C1DCF3 /* Main.storyboard */ = {
			isa = PBXVariantGroup;
			children = (
				402582B325D9ABA300C1DCF3 /* Base */,
			);
			name = Main.storyboard;
			sourceTree = "<group>";
		};
		402582B725D9ABA600C1DCF3 /* LaunchScreen.storyboard */ = {
			isa = PBXVariantGroup;
			children = (
				402582B825D9ABA600C1DCF3 /* Base */,
			);
			name = LaunchScreen.storyboard;
			sourceTree = "<group>";
		};
/* End PBXVariantGroup section */

/* Begin XCBuildConfiguration section */
		402582D125D9ABA600C1DCF3 /* Debug */ = {
			isa = XCBuildConfiguration;
			buildSettings = {
				ALWAYS_SEARCH_USER_PATHS = NO;
				CLANG_ANALYZER_NONNULL = YES;
				CLANG_ANALYZER_NUMBER_OBJECT_CONVERSION = YES_AGGRESSIVE;
				CLANG_CXX_LANGUAGE_STANDARD = "gnu++14";
				CLANG_CXX_LIBRARY = "libc++";
				CLANG_ENABLE_MODULES = YES;
				CLANG_ENABLE_OBJC_ARC = YES;
				CLANG_ENABLE_OBJC_WEAK = YES;
				CLANG_WARN_BLOCK_CAPTURE_AUTORELEASING = YES;
				CLANG_WARN_BOOL_CONVERSION = YES;
				CLANG_WARN_COMMA = YES;
				CLANG_WARN_CONSTANT_CONVERSION = YES;
				CLANG_WARN_DEPRECATED_OBJC_IMPLEMENTATIONS = YES;
				CLANG_WARN_DIRECT_OBJC_ISA_USAGE = YES_ERROR;
				CLANG_WARN_DOCUMENTATION_COMMENTS = YES;
				CLANG_WARN_EMPTY_BODY = YES;
				CLANG_WARN_ENUM_CONVERSION = YES;
				CLANG_WARN_INFINITE_RECURSION = YES;
				CLANG_WARN_INT_CONVERSION = YES;
				CLANG_WARN_NON_LITERAL_NULL_CONVERSION = YES;
				CLANG_WARN_OBJC_IMPLICIT_RETAIN_SELF = YES;
				CLANG_WARN_OBJC_LITERAL_CONVERSION = YES;
				CLANG_WARN_OBJC_ROOT_CLASS = YES_ERROR;
				CLANG_WARN_QUOTED_INCLUDE_IN_FRAMEWORK_HEADER = YES;
				CLANG_WARN_RANGE_LOOP_ANALYSIS = YES;
				CLANG_WARN_STRICT_PROTOTYPES = YES;
				CLANG_WARN_SUSPICIOUS_MOVE = YES;
				CLANG_WARN_UNGUARDED_AVAILABILITY = YES_AGGRESSIVE;
				CLANG_WARN_UNREACHABLE_CODE = YES;
				CLANG_WARN__DUPLICATE_METHOD_MATCH = YES;
				COPY_PHASE_STRIP = NO;
				DEBUG_INFORMATION_FORMAT = dwarf;
				ENABLE_STRICT_OBJC_MSGSEND = YES;
				ENABLE_TESTABILITY = YES;
				GCC_C_LANGUAGE_STANDARD = gnu11;
				GCC_DYNAMIC_NO_PIC = NO;
				GCC_NO_COMMON_BLOCKS = YES;
				GCC_OPTIMIZATION_LEVEL = 0;
				GCC_PREPROCESSOR_DEFINITIONS = (
					"DEBUG=1",
					"$(inherited)",
				);
				GCC_WARN_64_TO_32_BIT_CONVERSION = YES;
				GCC_WARN_ABOUT_RETURN_TYPE = YES_ERROR;
				GCC_WARN_UNDECLARED_SELECTOR = YES;
				GCC_WARN_UNINITIALIZED_AUTOS = YES_AGGRESSIVE;
				GCC_WARN_UNUSED_FUNCTION = YES;
				GCC_WARN_UNUSED_VARIABLE = YES;
				IPHONEOS_DEPLOYMENT_TARGET = 14.4;
				MTL_ENABLE_DEBUG_INFO = INCLUDE_SOURCE;
				MTL_FAST_MATH = YES;
				ONLY_ACTIVE_ARCH = YES;
				SDKROOT = iphoneos;
				SWIFT_ACTIVE_COMPILATION_CONDITIONS = DEBUG;
				SWIFT_OPTIMIZATION_LEVEL = "-Onone";
			};
			name = Debug;
		};
		402582D225D9ABA600C1DCF3 /* Release */ = {
			isa = XCBuildConfiguration;
			buildSettings = {
				ALWAYS_SEARCH_USER_PATHS = NO;
				CLANG_ANALYZER_NONNULL = YES;
				CLANG_ANALYZER_NUMBER_OBJECT_CONVERSION = YES_AGGRESSIVE;
				CLANG_CXX_LANGUAGE_STANDARD = "gnu++14";
				CLANG_CXX_LIBRARY = "libc++";
				CLANG_ENABLE_MODULES = YES;
				CLANG_ENABLE_OBJC_ARC = YES;
				CLANG_ENABLE_OBJC_WEAK = YES;
				CLANG_WARN_BLOCK_CAPTURE_AUTORELEASING = YES;
				CLANG_WARN_BOOL_CONVERSION = YES;
				CLANG_WARN_COMMA = YES;
				CLANG_WARN_CONSTANT_CONVERSION = YES;
				CLANG_WARN_DEPRECATED_OBJC_IMPLEMENTATIONS = YES;
				CLANG_WARN_DIRECT_OBJC_ISA_USAGE = YES_ERROR;
				CLANG_WARN_DOCUMENTATION_COMMENTS = YES;
				CLANG_WARN_EMPTY_BODY = YES;
				CLANG_WARN_ENUM_CONVERSION = YES;
				CLANG_WARN_INFINITE_RECURSION = YES;
				CLANG_WARN_INT_CONVERSION = YES;
				CLANG_WARN_NON_LITERAL_NULL_CONVERSION = YES;
				CLANG_WARN_OBJC_IMPLICIT_RETAIN_SELF = YES;
				CLANG_WARN_OBJC_LITERAL_CONVERSION = YES;
				CLANG_WARN_OBJC_ROOT_CLASS = YES_ERROR;
				CLANG_WARN_QUOTED_INCLUDE_IN_FRAMEWORK_HEADER = YES;
				CLANG_WARN_RANGE_LOOP_ANALYSIS = YES;
				CLANG_WARN_STRICT_PROTOTYPES = YES;
				CLANG_WARN_SUSPICIOUS_MOVE = YES;
				CLANG_WARN_UNGUARDED_AVAILABILITY = YES_AGGRESSIVE;
				CLANG_WARN_UNREACHABLE_CODE = YES;
				CLANG_WARN__DUPLICATE_METHOD_MATCH = YES;
				COPY_PHASE_STRIP = NO;
				DEBUG_INFORMATION_FORMAT = "dwarf-with-dsym";
				ENABLE_NS_ASSERTIONS = NO;
				ENABLE_STRICT_OBJC_MSGSEND = YES;
				GCC_C_LANGUAGE_STANDARD = gnu11;
				GCC_NO_COMMON_BLOCKS = YES;
				GCC_WARN_64_TO_32_BIT_CONVERSION = YES;
				GCC_WARN_ABOUT_RETURN_TYPE = YES_ERROR;
				GCC_WARN_UNDECLARED_SELECTOR = YES;
				GCC_WARN_UNINITIALIZED_AUTOS = YES_AGGRESSIVE;
				GCC_WARN_UNUSED_FUNCTION = YES;
				GCC_WARN_UNUSED_VARIABLE = YES;
				IPHONEOS_DEPLOYMENT_TARGET = 14.4;
				MTL_ENABLE_DEBUG_INFO = NO;
				MTL_FAST_MATH = YES;
				SDKROOT = iphoneos;
				SWIFT_COMPILATION_MODE = wholemodule;
				SWIFT_OPTIMIZATION_LEVEL = "-O";
				VALIDATE_PRODUCT = YES;
			};
			name = Release;
		};
		402582D425D9ABA600C1DCF3 /* Debug */ = {
			isa = XCBuildConfiguration;
			buildSettings = {
				ASSETCATALOG_COMPILER_APPICON_NAME = AppIcon;
				ASSETCATALOG_COMPILER_GLOBAL_ACCENT_COLOR_NAME = AccentColor;
				CODE_SIGN_STYLE = Automatic;
				DEVELOPMENT_TEAM = 3SX2895U5G;
				INFOPLIST_FILE = Twitter/Info.plist;
				LD_RUNPATH_SEARCH_PATHS = (
					"$(inherited)",
					"@executable_path/Frameworks",
				);
				PRODUCT_BUNDLE_IDENTIFIER = com.codepath.Twitter;
				PRODUCT_NAME = "$(TARGET_NAME)";
				SWIFT_VERSION = 5.0;
				TARGETED_DEVICE_FAMILY = "1,2";
			};
			name = Debug;
		};
		402582D525D9ABA600C1DCF3 /* Release */ = {
			isa = XCBuildConfiguration;
			buildSettings = {
				ASSETCATALOG_COMPILER_APPICON_NAME = AppIcon;
				ASSETCATALOG_COMPILER_GLOBAL_ACCENT_COLOR_NAME = AccentColor;
				CODE_SIGN_STYLE = Automatic;
				DEVELOPMENT_TEAM = 3SX2895U5G;
				INFOPLIST_FILE = Twitter/Info.plist;
				LD_RUNPATH_SEARCH_PATHS = (
					"$(inherited)",
					"@executable_path/Frameworks",
				);
				PRODUCT_BUNDLE_IDENTIFIER = com.codepath.Twitter;
				PRODUCT_NAME = "$(TARGET_NAME)";
				SWIFT_VERSION = 5.0;
				TARGETED_DEVICE_FAMILY = "1,2";
			};
			name = Release;
		};
		402582D725D9ABA600C1DCF3 /* Debug */ = {
			isa = XCBuildConfiguration;
			buildSettings = {
				ALWAYS_EMBED_SWIFT_STANDARD_LIBRARIES = YES;
				BUNDLE_LOADER = "$(TEST_HOST)";
				CODE_SIGN_STYLE = Automatic;
				DEVELOPMENT_TEAM = 3SX2895U5G;
				INFOPLIST_FILE = TwitterTests/Info.plist;
				IPHONEOS_DEPLOYMENT_TARGET = 14.4;
				LD_RUNPATH_SEARCH_PATHS = (
					"$(inherited)",
					"@executable_path/Frameworks",
					"@loader_path/Frameworks",
				);
				PRODUCT_BUNDLE_IDENTIFIER = com.codepath.TwitterTests;
				PRODUCT_NAME = "$(TARGET_NAME)";
				SWIFT_VERSION = 5.0;
				TARGETED_DEVICE_FAMILY = "1,2";
				TEST_HOST = "$(BUILT_PRODUCTS_DIR)/Twitter.app/Twitter";
			};
			name = Debug;
		};
		402582D825D9ABA600C1DCF3 /* Release */ = {
			isa = XCBuildConfiguration;
			buildSettings = {
				ALWAYS_EMBED_SWIFT_STANDARD_LIBRARIES = YES;
				BUNDLE_LOADER = "$(TEST_HOST)";
				CODE_SIGN_STYLE = Automatic;
				DEVELOPMENT_TEAM = 3SX2895U5G;
				INFOPLIST_FILE = TwitterTests/Info.plist;
				IPHONEOS_DEPLOYMENT_TARGET = 14.4;
				LD_RUNPATH_SEARCH_PATHS = (
					"$(inherited)",
					"@executable_path/Frameworks",
					"@loader_path/Frameworks",
				);
				PRODUCT_BUNDLE_IDENTIFIER = com.codepath.TwitterTests;
				PRODUCT_NAME = "$(TARGET_NAME)";
				SWIFT_VERSION = 5.0;
				TARGETED_DEVICE_FAMILY = "1,2";
				TEST_HOST = "$(BUILT_PRODUCTS_DIR)/Twitter.app/Twitter";
			};
			name = Release;
		};
		402582DA25D9ABA600C1DCF3 /* Debug */ = {
			isa = XCBuildConfiguration;
			buildSettings = {
				ALWAYS_EMBED_SWIFT_STANDARD_LIBRARIES = YES;
				CODE_SIGN_STYLE = Automatic;
				DEVELOPMENT_TEAM = 3SX2895U5G;
				INFOPLIST_FILE = TwitterUITests/Info.plist;
				LD_RUNPATH_SEARCH_PATHS = (
					"$(inherited)",
					"@executable_path/Frameworks",
					"@loader_path/Frameworks",
				);
				PRODUCT_BUNDLE_IDENTIFIER = com.codepath.TwitterUITests;
				PRODUCT_NAME = "$(TARGET_NAME)";
				SWIFT_VERSION = 5.0;
				TARGETED_DEVICE_FAMILY = "1,2";
				TEST_TARGET_NAME = Twitter;
			};
			name = Debug;
		};
		402582DB25D9ABA600C1DCF3 /* Release */ = {
			isa = XCBuildConfiguration;
			buildSettings = {
				ALWAYS_EMBED_SWIFT_STANDARD_LIBRARIES = YES;
				CODE_SIGN_STYLE = Automatic;
				DEVELOPMENT_TEAM = 3SX2895U5G;
				INFOPLIST_FILE = TwitterUITests/Info.plist;
				LD_RUNPATH_SEARCH_PATHS = (
					"$(inherited)",
					"@executable_path/Frameworks",
					"@loader_path/Frameworks",
				);
				PRODUCT_BUNDLE_IDENTIFIER = com.codepath.TwitterUITests;
				PRODUCT_NAME = "$(TARGET_NAME)";
				SWIFT_VERSION = 5.0;
				TARGETED_DEVICE_FAMILY = "1,2";
				TEST_TARGET_NAME = Twitter;
			};
			name = Release;
		};
/* End XCBuildConfiguration section */

/* Begin XCConfigurationList section */
		402582A425D9ABA300C1DCF3 /* Build configuration list for PBXProject "Twitter" */ = {
			isa = XCConfigurationList;
			buildConfigurations = (
				402582D125D9ABA600C1DCF3 /* Debug */,
				402582D225D9ABA600C1DCF3 /* Release */,
			);
			defaultConfigurationIsVisible = 0;
			defaultConfigurationName = Release;
		};
		402582D325D9ABA600C1DCF3 /* Build configuration list for PBXNativeTarget "Twitter" */ = {
			isa = XCConfigurationList;
			buildConfigurations = (
				402582D425D9ABA600C1DCF3 /* Debug */,
				402582D525D9ABA600C1DCF3 /* Release */,
			);
			defaultConfigurationIsVisible = 0;
			defaultConfigurationName = Release;
		};
		402582D625D9ABA600C1DCF3 /* Build configuration list for PBXNativeTarget "TwitterTests" */ = {
			isa = XCConfigurationList;
			buildConfigurations = (
				402582D725D9ABA600C1DCF3 /* Debug */,
				402582D825D9ABA600C1DCF3 /* Release */,
			);
			defaultConfigurationIsVisible = 0;
			defaultConfigurationName = Release;
		};
		402582D925D9ABA600C1DCF3 /* Build configuration list for PBXNativeTarget "TwitterUITests" */ = {
			isa = XCConfigurationList;
			buildConfigurations = (
				402582DA25D9ABA600C1DCF3 /* Debug */,
				402582DB25D9ABA600C1DCF3 /* Release */,
			);
			defaultConfigurationIsVisible = 0;
			defaultConfigurationName = Release;
		};
/* End XCConfigurationList section */
	};
	rootObject = 402582A125D9ABA300C1DCF3 /* Project object */;
}
